
Microsoft Visual Studio Solution File, Format Version 12.00
# Visual Studio Version 16
VisualStudioVersion = 16.0.33328.57
MinimumVisualStudioVersion = 10.0.40219.1
Project("{FAE04EC0-301F-11D3-BF4B-00C04F79EFBC}") = "Nethard Cloud Music", "Nethard Cloud Music\Nethard Cloud Music.csproj", "{768F04DD-F3A3-409D-A5CF-9CE98089C519}"
EndProject
Global
	GlobalSection(SolutionConfigurationPlatforms) = preSolution
		Debug|Any CPU = Debug|Any CPU
		Release|Any CPU = Release|Any CPU
	EndGlobalSection
	GlobalSection(ProjectConfigurationPlatforms) = postSolution
		{768F04DD-F3A3-409D-A5CF-9CE98089C519}.Debug|Any CPU.ActiveCfg = Debug|Any CPU
		{768F04DD-F3A3-409D-A5CF-9CE98089C519}.Debug|Any CPU.Build.0 = Debug|Any CPU
		{768F04DD-F3A3-409D-A5CF-9CE98089C519}.Release|Any CPU.ActiveCfg = Release|Any CPU
		{768F04DD-F3A3-409D-A5CF-9CE98089C519}.Release|Any CPU.Build.0 = Release|Any CPU
	EndGlobalSection
	GlobalSection(SolutionProperties) = preSolution
		HideSolutionNode = FALSE
	EndGlobalSection
	GlobalSection(ExtensibilityGlobals) = postSolution
		SolutionGuid = {D13A2DA5-81D2-4EB9-9C51-04492D58FA8D}
	EndGlobalSection
EndGlobal
